# This file is automatically @generated by Cargo.
# It is not intended for manual editing.
version = 3

[[package]]
name = "binary_tree"
version = "0.1.0"

[[package]]
name = "builder"
version = "0.1.0"

[[package]]
name = "fibonacci"
version = "0.1.0"

[[package]]
name = "health_statics"
version = "0.1.0"

[[package]]
name = "rust-exercise"
version = "0.1.0"
